
Microsoft Visual Studio Solution File, Format Version 12.00
# Visual Studio Version 17
VisualStudioVersion = 17.9.34607.119
MinimumVisualStudioVersion = 10.0.40219.1
Project("{FAE04EC0-301F-11D3-BF4B-00C04F79EFBC}") = "Kiosk System Design", "Kiosk System Design\Kiosk System Design.csproj", "{90BE815E-B2BC-46E8-926E-73B5CFD958A0}"
EndProject
Global
	GlobalSection(SolutionConfigurationPlatforms) = preSolution
		Debug|Any CPU = Debug|Any CPU
		Release|Any CPU = Release|Any CPU
	EndGlobalSection
	GlobalSection(ProjectConfigurationPlatforms) = postSolution
		{90BE815E-B2BC-46E8-926E-73B5CFD958A0}.Debug|Any CPU.ActiveCfg = Debug|Any CPU
		{90BE815E-B2BC-46E8-926E-73B5CFD958A0}.Debug|Any CPU.Build.0 = Debug|Any CPU
		{90BE815E-B2BC-46E8-926E-73B5CFD958A0}.Release|Any CPU.ActiveCfg = Release|Any CPU
		{90BE815E-B2BC-46E8-926E-73B5CFD958A0}.Release|Any CPU.Build.0 = Release|Any CPU
	EndGlobalSection
	GlobalSection(SolutionProperties) = preSolution
		HideSolutionNode = FALSE
	EndGlobalSection
	GlobalSection(ExtensibilityGlobals) = postSolution
		SolutionGuid = {73782B85-5EDF-4B8D-96C7-A9371623C648}
	EndGlobalSection
EndGlobal
